// !$*UTF8*$!
{
	archiveVersion = 1;
	classes = {
	};
	objectVersion = 50;
	objects = {

/* Begin PBXBuildFile section */
		6D0891B126A779DD00F7366B /* TaskManagerAppApp.swift in Sources */ = {isa = PBXBuildFile; fileRef = 6D0891B026A779DD00F7366B /* TaskManagerAppApp.swift */; };
		6D0891B526A779E100F7366B /* Assets.xcassets in Resources */ = {isa = PBXBuildFile; fileRef = 6D0891B426A779E100F7366B /* Assets.xcassets */; };
		6D0891B826A779E100F7366B /* Preview Assets.xcassets in Resources */ = {isa = PBXBuildFile; fileRef = 6D0891B726A779E100F7366B /* Preview Assets.xcassets */; };
		6D0891C326A77B1A00F7366B /* SplashView.swift in Sources */ = {isa = PBXBuildFile; fileRef = 6D0891C226A77B1A00F7366B /* SplashView.swift */; };
		6D0891C526A77BB300F7366B /* SplashUIState.swift in Sources */ = {isa = PBXBuildFile; fileRef = 6D0891C426A77BB300F7366B /* SplashUIState.swift */; };
		6D0891C826A78B3B00F7366B /* SplashViewModel.swift in Sources */ = {isa = PBXBuildFile; fileRef = 6D0891C726A78B3B00F7366B /* SplashViewModel.swift */; };
		6D0891CE26A8D2D700F7366B /* SignInView.swift in Sources */ = {isa = PBXBuildFile; fileRef = 6D0891CD26A8D2D700F7366B /* SignInView.swift */; };
		6D0891D026A8D2FC00F7366B /* SignInViewModel.swift in Sources */ = {isa = PBXBuildFile; fileRef = 6D0891CF26A8D2FC00F7366B /* SignInViewModel.swift */; };
		6D0891D326A8D53100F7366B /* SplashViewRouter.swift in Sources */ = {isa = PBXBuildFile; fileRef = 6D0891D226A8D53100F7366B /* SplashViewRouter.swift */; };
		6D0891D526A8EEB300F7366B /* SignInUIState.swift in Sources */ = {isa = PBXBuildFile; fileRef = 6D0891D426A8EEB300F7366B /* SignInUIState.swift */; };
		6D0891D826AA25AA00F7366B /* SignInViewRouter.swift in Sources */ = {isa = PBXBuildFile; fileRef = 6D0891D726AA25AA00F7366B /* SignInViewRouter.swift */; };
		6D0891E026AA26D700F7366B /* HomeView.swift in Sources */ = {isa = PBXBuildFile; fileRef = 6D0891DF26AA26D700F7366B /* HomeView.swift */; };
		6D0891E226AA272100F7366B /* HomeViewModel.swift in Sources */ = {isa = PBXBuildFile; fileRef = 6D0891E126AA272100F7366B /* HomeViewModel.swift */; };
		6D0891E826AB675900F7366B /* SignUpView.swift in Sources */ = {isa = PBXBuildFile; fileRef = 6D0891E726AB675900F7366B /* SignUpView.swift */; };
		6D0891EA26AB679300F7366B /* SignUpViewModel.swift in Sources */ = {isa = PBXBuildFile; fileRef = 6D0891E926AB679300F7366B /* SignUpViewModel.swift */; };
		6D0891F026AB7C8200F7366B /* Gender.swift in Sources */ = {isa = PBXBuildFile; fileRef = 6D0891EF26AB7C8100F7366B /* Gender.swift */; };
/* End PBXBuildFile section */

/* Begin PBXFileReference section */
		6D0891AD26A779DD00F7366B /* TaskManagerApp.app */ = {isa = PBXFileReference; explicitFileType = wrapper.application; includeInIndex = 0; path = TaskManagerApp.app; sourceTree = BUILT_PRODUCTS_DIR; };
		6D0891B026A779DD00F7366B /* TaskManagerAppApp.swift */ = {isa = PBXFileReference; lastKnownFileType = sourcecode.swift; path = TaskManagerAppApp.swift; sourceTree = "<group>"; };
		6D0891B426A779E100F7366B /* Assets.xcassets */ = {isa = PBXFileReference; lastKnownFileType = folder.assetcatalog; path = Assets.xcassets; sourceTree = "<group>"; };
		6D0891B726A779E100F7366B /* Preview Assets.xcassets */ = {isa = PBXFileReference; lastKnownFileType = folder.assetcatalog; path = "Preview Assets.xcassets"; sourceTree = "<group>"; };
		6D0891B926A779E100F7366B /* Info.plist */ = {isa = PBXFileReference; lastKnownFileType = text.plist.xml; path = Info.plist; sourceTree = "<group>"; };
		6D0891C226A77B1A00F7366B /* SplashView.swift */ = {isa = PBXFileReference; lastKnownFileType = sourcecode.swift; path = SplashView.swift; sourceTree = "<group>"; };
		6D0891C426A77BB300F7366B /* SplashUIState.swift */ = {isa = PBXFileReference; lastKnownFileType = sourcecode.swift; path = SplashUIState.swift; sourceTree = "<group>"; };
		6D0891C726A78B3B00F7366B /* SplashViewModel.swift */ = {isa = PBXFileReference; lastKnownFileType = sourcecode.swift; path = SplashViewModel.swift; sourceTree = "<group>"; };
		6D0891CD26A8D2D700F7366B /* SignInView.swift */ = {isa = PBXFileReference; lastKnownFileType = sourcecode.swift; path = SignInView.swift; sourceTree = "<group>"; };
		6D0891CF26A8D2FC00F7366B /* SignInViewModel.swift */ = {isa = PBXFileReference; lastKnownFileType = sourcecode.swift; path = SignInViewModel.swift; sourceTree = "<group>"; };
		6D0891D226A8D53100F7366B /* SplashViewRouter.swift */ = {isa = PBXFileReference; lastKnownFileType = sourcecode.swift; path = SplashViewRouter.swift; sourceTree = "<group>"; };
		6D0891D426A8EEB300F7366B /* SignInUIState.swift */ = {isa = PBXFileReference; lastKnownFileType = sourcecode.swift; path = SignInUIState.swift; sourceTree = "<group>"; };
		6D0891D726AA25AA00F7366B /* SignInViewRouter.swift */ = {isa = PBXFileReference; lastKnownFileType = sourcecode.swift; path = SignInViewRouter.swift; sourceTree = "<group>"; };
		6D0891DF26AA26D700F7366B /* HomeView.swift */ = {isa = PBXFileReference; lastKnownFileType = sourcecode.swift; path = HomeView.swift; sourceTree = "<group>"; };
		6D0891E126AA272100F7366B /* HomeViewModel.swift */ = {isa = PBXFileReference; lastKnownFileType = sourcecode.swift; path = HomeViewModel.swift; sourceTree = "<group>"; };
		6D0891E726AB675900F7366B /* SignUpView.swift */ = {isa = PBXFileReference; lastKnownFileType = sourcecode.swift; path = SignUpView.swift; sourceTree = "<group>"; };
		6D0891E926AB679300F7366B /* SignUpViewModel.swift */ = {isa = PBXFileReference; lastKnownFileType = sourcecode.swift; path = SignUpViewModel.swift; sourceTree = "<group>"; };
		6D0891EF26AB7C8100F7366B /* Gender.swift */ = {isa = PBXFileReference; lastKnownFileType = sourcecode.swift; path = Gender.swift; sourceTree = "<group>"; };
/* End PBXFileReference section */

/* Begin PBXFrameworksBuildPhase section */
		6D0891AA26A779DD00F7366B /* Frameworks */ = {
			isa = PBXFrameworksBuildPhase;
			buildActionMask = 2147483647;
			files = (
			);
			runOnlyForDeploymentPostprocessing = 0;
		};
/* End PBXFrameworksBuildPhase section */

/* Begin PBXGroup section */
		6D0891A426A779DD00F7366B = {
			isa = PBXGroup;
			children = (
				6D0891AF26A779DD00F7366B /* TaskManagerApp */,
				6D0891AE26A779DD00F7366B /* Products */,
			);
			sourceTree = "<group>";
		};
		6D0891AE26A779DD00F7366B /* Products */ = {
			isa = PBXGroup;
			children = (
				6D0891AD26A779DD00F7366B /* TaskManagerApp.app */,
			);
			name = Products;
			sourceTree = "<group>";
		};
		6D0891AF26A779DD00F7366B /* TaskManagerApp */ = {
			isa = PBXGroup;
			children = (
				6D0891EC26AB7A8300F7366B /* Common */,
				6D0891EB26AB7A3300F7366B /* Module */,
				6D0891B026A779DD00F7366B /* TaskManagerAppApp.swift */,
				6D0891B426A779E100F7366B /* Assets.xcassets */,
				6D0891B926A779E100F7366B /* Info.plist */,
				6D0891B626A779E100F7366B /* Preview Content */,
			);
			path = TaskManagerApp;
			sourceTree = "<group>";
		};
		6D0891B626A779E100F7366B /* Preview Content */ = {
			isa = PBXGroup;
			children = (
				6D0891B726A779E100F7366B /* Preview Assets.xcassets */,
			);
			path = "Preview Content";
			sourceTree = "<group>";
		};
		6D0891BF26A77AC700F7366B /* Splash */ = {
			isa = PBXGroup;
			children = (
				6D0891C126A77AF600F7366B /* Model */,
				6D0891C026A77AEB00F7366B /* View */,
				6D0891C626A78AE400F7366B /* ViewModel */,
				6D0891D126A8D46700F7366B /* Router */,
			);
			path = Splash;
			sourceTree = "<group>";
		};
		6D0891C026A77AEB00F7366B /* View */ = {
			isa = PBXGroup;
			children = (
				6D0891C226A77B1A00F7366B /* SplashView.swift */,
			);
			path = View;
			sourceTree = "<group>";
		};
		6D0891C126A77AF600F7366B /* Model */ = {
			isa = PBXGroup;
			children = (
				6D0891C426A77BB300F7366B /* SplashUIState.swift */,
			);
			path = Model;
			sourceTree = "<group>";
		};
		6D0891C626A78AE400F7366B /* ViewModel */ = {
			isa = PBXGroup;
			children = (
				6D0891C726A78B3B00F7366B /* SplashViewModel.swift */,
			);
			path = ViewModel;
			sourceTree = "<group>";
		};
		6D0891C926A8D1C000F7366B /* SignIn */ = {
			isa = PBXGroup;
			children = (
				6D0891CA26A8D1CB00F7366B /* Model */,
				6D0891CB26A8D1D600F7366B /* View */,
				6D0891CC26A8D1DD00F7366B /* ViewModel */,
				6D0891D626AA258900F7366B /* Router */,
			);
			path = SignIn;
			sourceTree = "<group>";
		};
		6D0891CA26A8D1CB00F7366B /* Model */ = {
			isa = PBXGroup;
			children = (
				6D0891D426A8EEB300F7366B /* SignInUIState.swift */,
			);
			path = Model;
			sourceTree = "<group>";
		};
		6D0891CB26A8D1D600F7366B /* View */ = {
			isa = PBXGroup;
			children = (
				6D0891CD26A8D2D700F7366B /* SignInView.swift */,
			);
			path = View;
			sourceTree = "<group>";
		};
		6D0891CC26A8D1DD00F7366B /* ViewModel */ = {
			isa = PBXGroup;
			children = (
				6D0891CF26A8D2FC00F7366B /* SignInViewModel.swift */,
			);
			path = ViewModel;
			sourceTree = "<group>";
		};
		6D0891D126A8D46700F7366B /* Router */ = {
			isa = PBXGroup;
			children = (
				6D0891D226A8D53100F7366B /* SplashViewRouter.swift */,
			);
			path = Router;
			sourceTree = "<group>";
		};
		6D0891D626AA258900F7366B /* Router */ = {
			isa = PBXGroup;
			children = (
				6D0891D726AA25AA00F7366B /* SignInViewRouter.swift */,
			);
			path = Router;
			sourceTree = "<group>";
		};
		6D0891D926AA268B00F7366B /* Home */ = {
			isa = PBXGroup;
			children = (
				6D0891DC26AA26A900F7366B /* Model */,
				6D0891DB26AA26A200F7366B /* View */,
				6D0891DA26AA269800F7366B /* ViewModel */,
			);
			path = Home;
			sourceTree = "<group>";
		};
		6D0891DA26AA269800F7366B /* ViewModel */ = {
			isa = PBXGroup;
			children = (
				6D0891E126AA272100F7366B /* HomeViewModel.swift */,
			);
			path = ViewModel;
			sourceTree = "<group>";
		};
		6D0891DB26AA26A200F7366B /* View */ = {
			isa = PBXGroup;
			children = (
				6D0891DF26AA26D700F7366B /* HomeView.swift */,
			);
			path = View;
			sourceTree = "<group>";
		};
		6D0891DC26AA26A900F7366B /* Model */ = {
			isa = PBXGroup;
			children = (
			);
			path = Model;
			sourceTree = "<group>";
		};
		6D0891E326AB66E000F7366B /* SignUp */ = {
			isa = PBXGroup;
			children = (
				6D0891E626AB671F00F7366B /* Model */,
				6D0891E526AB671800F7366B /* View */,
				6D0891E426AB66FF00F7366B /* ViewModel */,
			);
			path = SignUp;
			sourceTree = "<group>";
		};
		6D0891E426AB66FF00F7366B /* ViewModel */ = {
			isa = PBXGroup;
			children = (
				6D0891E926AB679300F7366B /* SignUpViewModel.swift */,
			);
			path = ViewModel;
			sourceTree = "<group>";
		};
		6D0891E526AB671800F7366B /* View */ = {
			isa = PBXGroup;
			children = (
				6D0891E726AB675900F7366B /* SignUpView.swift */,
			);
			path = View;
			sourceTree = "<group>";
		};
		6D0891E626AB671F00F7366B /* Model */ = {
			isa = PBXGroup;
			children = (
			);
			path = Model;
			sourceTree = "<group>";
		};
		6D0891EB26AB7A3300F7366B /* Module */ = {
			isa = PBXGroup;
			children = (
				6D0891BF26A77AC700F7366B /* Splash */,
				6D0891C926A8D1C000F7366B /* SignIn */,
				6D0891E326AB66E000F7366B /* SignUp */,
				6D0891D926AA268B00F7366B /* Home */,
			);
			path = Module;
			sourceTree = "<group>";
		};
		6D0891EC26AB7A8300F7366B /* Common */ = {
			isa = PBXGroup;
			children = (
				6D0891ED26AB7AEC00F7366B /* Model */,
			);
			path = Common;
			sourceTree = "<group>";
		};
		6D0891ED26AB7AEC00F7366B /* Model */ = {
			isa = PBXGroup;
			children = (
				6D0891EF26AB7C8100F7366B /* Gender.swift */,
			);
			path = Model;
			sourceTree = "<group>";
		};
/* End PBXGroup section */

/* Begin PBXNativeTarget section */
		6D0891AC26A779DD00F7366B /* TaskManagerApp */ = {
			isa = PBXNativeTarget;
			buildConfigurationList = 6D0891BC26A779E100F7366B /* Build configuration list for PBXNativeTarget "TaskManagerApp" */;
			buildPhases = (
				6D0891A926A779DD00F7366B /* Sources */,
				6D0891AA26A779DD00F7366B /* Frameworks */,
				6D0891AB26A779DD00F7366B /* Resources */,
			);
			buildRules = (
			);
			dependencies = (
			);
			name = TaskManagerApp;
			productName = TaskManagerApp;
			productReference = 6D0891AD26A779DD00F7366B /* TaskManagerApp.app */;
			productType = "com.apple.product-type.application";
		};
/* End PBXNativeTarget section */

/* Begin PBXProject section */
		6D0891A526A779DD00F7366B /* Project object */ = {
			isa = PBXProject;
			attributes = {
				LastSwiftUpdateCheck = 1250;
				LastUpgradeCheck = 1250;
				TargetAttributes = {
					6D0891AC26A779DD00F7366B = {
						CreatedOnToolsVersion = 12.5;
					};
				};
			};
			buildConfigurationList = 6D0891A826A779DD00F7366B /* Build configuration list for PBXProject "TaskManagerApp" */;
			compatibilityVersion = "Xcode 9.3";
			developmentRegion = en;
			hasScannedForEncodings = 0;
			knownRegions = (
				en,
				Base,
			);
			mainGroup = 6D0891A426A779DD00F7366B;
			productRefGroup = 6D0891AE26A779DD00F7366B /* Products */;
			projectDirPath = "";
			projectRoot = "";
			targets = (
				6D0891AC26A779DD00F7366B /* TaskManagerApp */,
			);
		};
/* End PBXProject section */

/* Begin PBXResourcesBuildPhase section */
		6D0891AB26A779DD00F7366B /* Resources */ = {
			isa = PBXResourcesBuildPhase;
			buildActionMask = 2147483647;
			files = (
				6D0891B826A779E100F7366B /* Preview Assets.xcassets in Resources */,
				6D0891B526A779E100F7366B /* Assets.xcassets in Resources */,
			);
			runOnlyForDeploymentPostprocessing = 0;
		};
/* End PBXResourcesBuildPhase section */

/* Begin PBXSourcesBuildPhase section */
		6D0891A926A779DD00F7366B /* Sources */ = {
			isa = PBXSourcesBuildPhase;
			buildActionMask = 2147483647;
			files = (
				6D0891C526A77BB300F7366B /* SplashUIState.swift in Sources */,
				6D0891EA26AB679300F7366B /* SignUpViewModel.swift in Sources */,
				6D0891E226AA272100F7366B /* HomeViewModel.swift in Sources */,
				6D0891E826AB675900F7366B /* SignUpView.swift in Sources */,
				6D0891B126A779DD00F7366B /* TaskManagerAppApp.swift in Sources */,
				6D0891D026A8D2FC00F7366B /* SignInViewModel.swift in Sources */,
				6D0891F026AB7C8200F7366B /* Gender.swift in Sources */,
				6D0891E026AA26D700F7366B /* HomeView.swift in Sources */,
				6D0891D826AA25AA00F7366B /* SignInViewRouter.swift in Sources */,
				6D0891C326A77B1A00F7366B /* SplashView.swift in Sources */,
				6D0891C826A78B3B00F7366B /* SplashViewModel.swift in Sources */,
				6D0891D526A8EEB300F7366B /* SignInUIState.swift in Sources */,
				6D0891D326A8D53100F7366B /* SplashViewRouter.swift in Sources */,
				6D0891CE26A8D2D700F7366B /* SignInView.swift in Sources */,
			);
			runOnlyForDeploymentPostprocessing = 0;
		};
/* End PBXSourcesBuildPhase section */

/* Begin XCBuildConfiguration section */
		6D0891BA26A779E100F7366B /* Debug */ = {
			isa = XCBuildConfiguration;
			buildSettings = {
				ALWAYS_SEARCH_USER_PATHS = NO;
				CLANG_ANALYZER_NONNULL = YES;
				CLANG_ANALYZER_NUMBER_OBJECT_CONVERSION = YES_AGGRESSIVE;
				CLANG_CXX_LANGUAGE_STANDARD = "gnu++14";
				CLANG_CXX_LIBRARY = "libc++";
				CLANG_ENABLE_MODULES = YES;
				CLANG_ENABLE_OBJC_ARC = YES;
				CLANG_ENABLE_OBJC_WEAK = YES;
				CLANG_WARN_BLOCK_CAPTURE_AUTORELEASING = YES;
				CLANG_WARN_BOOL_CONVERSION = YES;
				CLANG_WARN_COMMA = YES;
				CLANG_WARN_CONSTANT_CONVERSION = YES;
				CLANG_WARN_DEPRECATED_OBJC_IMPLEMENTATIONS = YES;
				CLANG_WARN_DIRECT_OBJC_ISA_USAGE = YES_ERROR;
				CLANG_WARN_DOCUMENTATION_COMMENTS = YES;
				CLANG_WARN_EMPTY_BODY = YES;
				CLANG_WARN_ENUM_CONVERSION = YES;
				CLANG_WARN_INFINITE_RECURSION = YES;
				CLANG_WARN_INT_CONVERSION = YES;
				CLANG_WARN_NON_LITERAL_NULL_CONVERSION = YES;
				CLANG_WARN_OBJC_IMPLICIT_RETAIN_SELF = YES;
				CLANG_WARN_OBJC_LITERAL_CONVERSION = YES;
				CLANG_WARN_OBJC_ROOT_CLASS = YES_ERROR;
				CLANG_WARN_QUOTED_INCLUDE_IN_FRAMEWORK_HEADER = YES;
				CLANG_WARN_RANGE_LOOP_ANALYSIS = YES;
				CLANG_WARN_STRICT_PROTOTYPES = YES;
				CLANG_WARN_SUSPICIOUS_MOVE = YES;
				CLANG_WARN_UNGUARDED_AVAILABILITY = YES_AGGRESSIVE;
				CLANG_WARN_UNREACHABLE_CODE = YES;
				CLANG_WARN__DUPLICATE_METHOD_MATCH = YES;
				COPY_PHASE_STRIP = NO;
				DEBUG_INFORMATION_FORMAT = dwarf;
				ENABLE_STRICT_OBJC_MSGSEND = YES;
				ENABLE_TESTABILITY = YES;
				GCC_C_LANGUAGE_STANDARD = gnu11;
				GCC_DYNAMIC_NO_PIC = NO;
				GCC_NO_COMMON_BLOCKS = YES;
				GCC_OPTIMIZATION_LEVEL = 0;
				GCC_PREPROCESSOR_DEFINITIONS = (
					"DEBUG=1",
					"$(inherited)",
				);
				GCC_WARN_64_TO_32_BIT_CONVERSION = YES;
				GCC_WARN_ABOUT_RETURN_TYPE = YES_ERROR;
				GCC_WARN_UNDECLARED_SELECTOR = YES;
				GCC_WARN_UNINITIALIZED_AUTOS = YES_AGGRESSIVE;
				GCC_WARN_UNUSED_FUNCTION = YES;
				GCC_WARN_UNUSED_VARIABLE = YES;
				IPHONEOS_DEPLOYMENT_TARGET = 14.5;
				MTL_ENABLE_DEBUG_INFO = INCLUDE_SOURCE;
				MTL_FAST_MATH = YES;
				ONLY_ACTIVE_ARCH = YES;
				SDKROOT = iphoneos;
				SWIFT_ACTIVE_COMPILATION_CONDITIONS = DEBUG;
				SWIFT_OPTIMIZATION_LEVEL = "-Onone";
			};
			name = Debug;
		};
		6D0891BB26A779E100F7366B /* Release */ = {
			isa = XCBuildConfiguration;
			buildSettings = {
				ALWAYS_SEARCH_USER_PATHS = NO;
				CLANG_ANALYZER_NONNULL = YES;
				CLANG_ANALYZER_NUMBER_OBJECT_CONVERSION = YES_AGGRESSIVE;
				CLANG_CXX_LANGUAGE_STANDARD = "gnu++14";
				CLANG_CXX_LIBRARY = "libc++";
				CLANG_ENABLE_MODULES = YES;
				CLANG_ENABLE_OBJC_ARC = YES;
				CLANG_ENABLE_OBJC_WEAK = YES;
				CLANG_WARN_BLOCK_CAPTURE_AUTORELEASING = YES;
				CLANG_WARN_BOOL_CONVERSION = YES;
				CLANG_WARN_COMMA = YES;
				CLANG_WARN_CONSTANT_CONVERSION = YES;
				CLANG_WARN_DEPRECATED_OBJC_IMPLEMENTATIONS = YES;
				CLANG_WARN_DIRECT_OBJC_ISA_USAGE = YES_ERROR;
				CLANG_WARN_DOCUMENTATION_COMMENTS = YES;
				CLANG_WARN_EMPTY_BODY = YES;
				CLANG_WARN_ENUM_CONVERSION = YES;
				CLANG_WARN_INFINITE_RECURSION = YES;
				CLANG_WARN_INT_CONVERSION = YES;
				CLANG_WARN_NON_LITERAL_NULL_CONVERSION = YES;
				CLANG_WARN_OBJC_IMPLICIT_RETAIN_SELF = YES;
				CLANG_WARN_OBJC_LITERAL_CONVERSION = YES;
				CLANG_WARN_OBJC_ROOT_CLASS = YES_ERROR;
				CLANG_WARN_QUOTED_INCLUDE_IN_FRAMEWORK_HEADER = YES;
				CLANG_WARN_RANGE_LOOP_ANALYSIS = YES;
				CLANG_WARN_STRICT_PROTOTYPES = YES;
				CLANG_WARN_SUSPICIOUS_MOVE = YES;
				CLANG_WARN_UNGUARDED_AVAILABILITY = YES_AGGRESSIVE;
				CLANG_WARN_UNREACHABLE_CODE = YES;
				CLANG_WARN__DUPLICATE_METHOD_MATCH = YES;
				COPY_PHASE_STRIP = NO;
				DEBUG_INFORMATION_FORMAT = "dwarf-with-dsym";
				ENABLE_NS_ASSERTIONS = NO;
				ENABLE_STRICT_OBJC_MSGSEND = YES;
				GCC_C_LANGUAGE_STANDARD = gnu11;
				GCC_NO_COMMON_BLOCKS = YES;
				GCC_WARN_64_TO_32_BIT_CONVERSION = YES;
				GCC_WARN_ABOUT_RETURN_TYPE = YES_ERROR;
				GCC_WARN_UNDECLARED_SELECTOR = YES;
				GCC_WARN_UNINITIALIZED_AUTOS = YES_AGGRESSIVE;
				GCC_WARN_UNUSED_FUNCTION = YES;
				GCC_WARN_UNUSED_VARIABLE = YES;
				IPHONEOS_DEPLOYMENT_TARGET = 14.5;
				MTL_ENABLE_DEBUG_INFO = NO;
				MTL_FAST_MATH = YES;
				SDKROOT = iphoneos;
				SWIFT_COMPILATION_MODE = wholemodule;
				SWIFT_OPTIMIZATION_LEVEL = "-O";
				VALIDATE_PRODUCT = YES;
			};
			name = Release;
		};
		6D0891BD26A779E100F7366B /* Debug */ = {
			isa = XCBuildConfiguration;
			buildSettings = {
				ASSETCATALOG_COMPILER_APPICON_NAME = AppIcon;
				ASSETCATALOG_COMPILER_GLOBAL_ACCENT_COLOR_NAME = AccentColor;
				CODE_SIGN_STYLE = Automatic;
				DEVELOPMENT_ASSET_PATHS = "\"TaskManagerApp/Preview Content\"";
				DEVELOPMENT_TEAM = 5VN324YR98;
				ENABLE_PREVIEWS = YES;
				INFOPLIST_FILE = TaskManagerApp/Info.plist;
				IPHONEOS_DEPLOYMENT_TARGET = 14.0;
				LD_RUNPATH_SEARCH_PATHS = (
					"$(inherited)",
					"@executable_path/Frameworks",
				);
				PRODUCT_BUNDLE_IDENTIFIER = com.matheusevangelista.TaskManagerApp;
				PRODUCT_NAME = "$(TARGET_NAME)";
				SWIFT_VERSION = 5.0;
				TARGETED_DEVICE_FAMILY = "1,2";
			};
			name = Debug;
		};
		6D0891BE26A779E100F7366B /* Release */ = {
			isa = XCBuildConfiguration;
			buildSettings = {
				ASSETCATALOG_COMPILER_APPICON_NAME = AppIcon;
				ASSETCATALOG_COMPILER_GLOBAL_ACCENT_COLOR_NAME = AccentColor;
				CODE_SIGN_STYLE = Automatic;
				DEVELOPMENT_ASSET_PATHS = "\"TaskManagerApp/Preview Content\"";
				DEVELOPMENT_TEAM = 5VN324YR98;
				ENABLE_PREVIEWS = YES;
				INFOPLIST_FILE = TaskManagerApp/Info.plist;
				IPHONEOS_DEPLOYMENT_TARGET = 14.0;
				LD_RUNPATH_SEARCH_PATHS = (
					"$(inherited)",
					"@executable_path/Frameworks",
				);
				PRODUCT_BUNDLE_IDENTIFIER = com.matheusevangelista.TaskManagerApp;
				PRODUCT_NAME = "$(TARGET_NAME)";
				SWIFT_VERSION = 5.0;
				TARGETED_DEVICE_FAMILY = "1,2";
			};
			name = Release;
		};
/* End XCBuildConfiguration section */

/* Begin XCConfigurationList section */
		6D0891A826A779DD00F7366B /* Build configuration list for PBXProject "TaskManagerApp" */ = {
			isa = XCConfigurationList;
			buildConfigurations = (
				6D0891BA26A779E100F7366B /* Debug */,
				6D0891BB26A779E100F7366B /* Release */,
			);
			defaultConfigurationIsVisible = 0;
			defaultConfigurationName = Release;
		};
		6D0891BC26A779E100F7366B /* Build configuration list for PBXNativeTarget "TaskManagerApp" */ = {
			isa = XCConfigurationList;
			buildConfigurations = (
				6D0891BD26A779E100F7366B /* Debug */,
				6D0891BE26A779E100F7366B /* Release */,
			);
			defaultConfigurationIsVisible = 0;
			defaultConfigurationName = Release;
		};
/* End XCConfigurationList section */
	};
	rootObject = 6D0891A526A779DD00F7366B /* Project object */;
}
